
Microsoft Visual Studio Solution File, Format Version 12.00
# Visual Studio Version 17
VisualStudioVersion = 17.11.35312.102
MinimumVisualStudioVersion = 10.0.40219.1
Project("{FAE04EC0-301F-11D3-BF4B-00C04F79EFBC}") = "10.02.25", "10.02.25\10.02.25.csproj", "{12644914-BAB2-487F-A271-4D49475C556F}"
EndProject
Global
	GlobalSection(SolutionConfigurationPlatforms) = preSolution
		Debug|Any CPU = Debug|Any CPU
		Release|Any CPU = Release|Any CPU
	EndGlobalSection
	GlobalSection(ProjectConfigurationPlatforms) = postSolution
		{12644914-BAB2-487F-A271-4D49475C556F}.Debug|Any CPU.ActiveCfg = Debug|Any CPU
		{12644914-BAB2-487F-A271-4D49475C556F}.Debug|Any CPU.Build.0 = Debug|Any CPU
		{12644914-BAB2-487F-A271-4D49475C556F}.Release|Any CPU.ActiveCfg = Release|Any CPU
		{12644914-BAB2-487F-A271-4D49475C556F}.Release|Any CPU.Build.0 = Release|Any CPU
	EndGlobalSection
	GlobalSection(SolutionProperties) = preSolution
		HideSolutionNode = FALSE
	EndGlobalSection
	GlobalSection(ExtensibilityGlobals) = postSolution
		SolutionGuid = {DF0A2B5A-AA0E-430A-902A-51FA6F31F12F}
	EndGlobalSection
EndGlobal
